// !$*UTF8*$!
{
	archiveVersion = 1;
	classes = {
	};
	objectVersion = 46;
	objects = {

/* Begin PBXBuildFile section */
		212441251B4326E400F407DB /* main.m in Sources */ = {isa = PBXBuildFile; fileRef = 212441241B4326E400F407DB /* main.m */; };
		212441281B4326E400F407DB /* AppDelegate.m in Sources */ = {isa = PBXBuildFile; fileRef = 212441271B4326E400F407DB /* AppDelegate.m */; };
		2124412B1B4326E400F407DB /* ViewController.m in Sources */ = {isa = PBXBuildFile; fileRef = 2124412A1B4326E400F407DB /* ViewController.m */; };
		2124412E1B4326E400F407DB /* Main.storyboard in Resources */ = {isa = PBXBuildFile; fileRef = 2124412C1B4326E400F407DB /* Main.storyboard */; };
		212441301B4326E400F407DB /* Images.xcassets in Resources */ = {isa = PBXBuildFile; fileRef = 2124412F1B4326E400F407DB /* Images.xcassets */; };
		212441331B4326E400F407DB /* LaunchScreen.xib in Resources */ = {isa = PBXBuildFile; fileRef = 212441311B4326E400F407DB /* LaunchScreen.xib */; };
		2124413F1B4326E400F407DB /* workshopTests.m in Sources */ = {isa = PBXBuildFile; fileRef = 2124413E1B4326E400F407DB /* workshopTests.m */; };
		2124414B1B43288500F407DB /* MainView.m in Sources */ = {isa = PBXBuildFile; fileRef = 2124414A1B43288500F407DB /* MainView.m */; };
		2124414F1B432A6E00F407DB /* GlobalTools.m in Sources */ = {isa = PBXBuildFile; fileRef = 2124414E1B432A6E00F407DB /* GlobalTools.m */; };
		212441531B43378A00F407DB /* ColorShader.fsh in Resources */ = {isa = PBXBuildFile; fileRef = 212441511B43378A00F407DB /* ColorShader.fsh */; };
		212441541B43378A00F407DB /* ColorShader.vsh in Resources */ = {isa = PBXBuildFile; fileRef = 212441521B43378A00F407DB /* ColorShader.vsh */; };
		8A9EF6F81B469B6C0072C256 /* WSContext.m in Sources */ = {isa = PBXBuildFile; fileRef = 8A9EF6F71B469B6C0072C256 /* WSContext.m */; };
		8A9EF6FB1B46A1B70072C256 /* WSOperationContainer.m in Sources */ = {isa = PBXBuildFile; fileRef = 8A9EF6FA1B46A1B70072C256 /* WSOperationContainer.m */; };
/* End PBXBuildFile section */

/* Begin PBXContainerItemProxy section */
		212441391B4326E400F407DB /* PBXContainerItemProxy */ = {
			isa = PBXContainerItemProxy;
			containerPortal = 212441171B4326E400F407DB /* Project object */;
			proxyType = 1;
			remoteGlobalIDString = 2124411E1B4326E400F407DB;
			remoteInfo = workshop;
		};
/* End PBXContainerItemProxy section */

/* Begin PBXFileReference section */
		2124411F1B4326E400F407DB /* workshop.app */ = {isa = PBXFileReference; explicitFileType = wrapper.application; includeInIndex = 0; path = workshop.app; sourceTree = BUILT_PRODUCTS_DIR; };
		212441231B4326E400F407DB /* Info.plist */ = {isa = PBXFileReference; lastKnownFileType = text.plist.xml; path = Info.plist; sourceTree = "<group>"; };
		212441241B4326E400F407DB /* main.m */ = {isa = PBXFileReference; lastKnownFileType = sourcecode.c.objc; path = main.m; sourceTree = "<group>"; };
		212441261B4326E400F407DB /* AppDelegate.h */ = {isa = PBXFileReference; lastKnownFileType = sourcecode.c.h; path = AppDelegate.h; sourceTree = "<group>"; };
		212441271B4326E400F407DB /* AppDelegate.m */ = {isa = PBXFileReference; lastKnownFileType = sourcecode.c.objc; path = AppDelegate.m; sourceTree = "<group>"; };
		212441291B4326E400F407DB /* ViewController.h */ = {isa = PBXFileReference; lastKnownFileType = sourcecode.c.h; path = ViewController.h; sourceTree = "<group>"; };
		2124412A1B4326E400F407DB /* ViewController.m */ = {isa = PBXFileReference; lastKnownFileType = sourcecode.c.objc; path = ViewController.m; sourceTree = "<group>"; };
		2124412D1B4326E400F407DB /* Base */ = {isa = PBXFileReference; lastKnownFileType = file.storyboard; name = Base; path = Base.lproj/Main.storyboard; sourceTree = "<group>"; };
		2124412F1B4326E400F407DB /* Images.xcassets */ = {isa = PBXFileReference; lastKnownFileType = folder.assetcatalog; path = Images.xcassets; sourceTree = "<group>"; };
		212441321B4326E400F407DB /* Base */ = {isa = PBXFileReference; lastKnownFileType = file.xib; name = Base; path = Base.lproj/LaunchScreen.xib; sourceTree = "<group>"; };
		212441381B4326E400F407DB /* workshopTests.xctest */ = {isa = PBXFileReference; explicitFileType = wrapper.cfbundle; includeInIndex = 0; path = workshopTests.xctest; sourceTree = BUILT_PRODUCTS_DIR; };
		2124413D1B4326E400F407DB /* Info.plist */ = {isa = PBXFileReference; lastKnownFileType = text.plist.xml; path = Info.plist; sourceTree = "<group>"; };
		2124413E1B4326E400F407DB /* workshopTests.m */ = {isa = PBXFileReference; lastKnownFileType = sourcecode.c.objc; path = workshopTests.m; sourceTree = "<group>"; };
		212441491B43288500F407DB /* MainView.h */ = {isa = PBXFileReference; fileEncoding = 4; lastKnownFileType = sourcecode.c.h; path = MainView.h; sourceTree = "<group>"; };
		2124414A1B43288500F407DB /* MainView.m */ = {isa = PBXFileReference; fileEncoding = 4; lastKnownFileType = sourcecode.c.objc; path = MainView.m; sourceTree = "<group>"; };
		2124414D1B432A6E00F407DB /* GlobalTools.h */ = {isa = PBXFileReference; fileEncoding = 4; lastKnownFileType = sourcecode.c.h; path = GlobalTools.h; sourceTree = "<group>"; };
		2124414E1B432A6E00F407DB /* GlobalTools.m */ = {isa = PBXFileReference; fileEncoding = 4; lastKnownFileType = sourcecode.c.objc; path = GlobalTools.m; sourceTree = "<group>"; };
		212441511B43378A00F407DB /* ColorShader.fsh */ = {isa = PBXFileReference; fileEncoding = 4; lastKnownFileType = sourcecode.glsl; path = ColorShader.fsh; sourceTree = "<group>"; };
		212441521B43378A00F407DB /* ColorShader.vsh */ = {isa = PBXFileReference; fileEncoding = 4; lastKnownFileType = sourcecode.glsl; path = ColorShader.vsh; sourceTree = "<group>"; };
		8A9EF6F61B469B6C0072C256 /* WSContext.h */ = {isa = PBXFileReference; fileEncoding = 4; lastKnownFileType = sourcecode.c.h; name = WSContext.h; path = Context/WSContext.h; sourceTree = "<group>"; };
		8A9EF6F71B469B6C0072C256 /* WSContext.m */ = {isa = PBXFileReference; fileEncoding = 4; lastKnownFileType = sourcecode.c.objc; name = WSContext.m; path = Context/WSContext.m; sourceTree = "<group>"; };
		8A9EF6F91B46A1B70072C256 /* WSOperationContainer.h */ = {isa = PBXFileReference; fileEncoding = 4; lastKnownFileType = sourcecode.c.h; path = WSOperationContainer.h; sourceTree = "<group>"; };
		8A9EF6FA1B46A1B70072C256 /* WSOperationContainer.m */ = {isa = PBXFileReference; fileEncoding = 4; lastKnownFileType = sourcecode.c.objc; path = WSOperationContainer.m; sourceTree = "<group>"; };
/* End PBXFileReference section */

/* Begin PBXFrameworksBuildPhase section */
		2124411C1B4326E400F407DB /* Frameworks */ = {
			isa = PBXFrameworksBuildPhase;
			buildActionMask = 2147483647;
			files = (
			);
			runOnlyForDeploymentPostprocessing = 0;
		};
		212441351B4326E400F407DB /* Frameworks */ = {
			isa = PBXFrameworksBuildPhase;
			buildActionMask = 2147483647;
			files = (
			);
			runOnlyForDeploymentPostprocessing = 0;
		};
/* End PBXFrameworksBuildPhase section */

/* Begin PBXGroup section */
		212441161B4326E400F407DB = {
			isa = PBXGroup;
			children = (
				212441211B4326E400F407DB /* workshop */,
				2124413B1B4326E400F407DB /* workshopTests */,
				212441201B4326E400F407DB /* Products */,
			);
			sourceTree = "<group>";
		};
		212441201B4326E400F407DB /* Products */ = {
			isa = PBXGroup;
			children = (
				2124411F1B4326E400F407DB /* workshop.app */,
				212441381B4326E400F407DB /* workshopTests.xctest */,
			);
			name = Products;
			sourceTree = "<group>";
		};
		212441211B4326E400F407DB /* workshop */ = {
			isa = PBXGroup;
			children = (
				212441481B43287400F407DB /* Classes */,
				212441261B4326E400F407DB /* AppDelegate.h */,
				212441271B4326E400F407DB /* AppDelegate.m */,
				212441291B4326E400F407DB /* ViewController.h */,
				2124412A1B4326E400F407DB /* ViewController.m */,
				2124412C1B4326E400F407DB /* Main.storyboard */,
				2124412F1B4326E400F407DB /* Images.xcassets */,
				212441311B4326E400F407DB /* LaunchScreen.xib */,
				212441221B4326E400F407DB /* Supporting Files */,
			);
			path = workshop;
			sourceTree = "<group>";
		};
		212441221B4326E400F407DB /* Supporting Files */ = {
			isa = PBXGroup;
			children = (
				212441231B4326E400F407DB /* Info.plist */,
				212441241B4326E400F407DB /* main.m */,
			);
			name = "Supporting Files";
			sourceTree = "<group>";
		};
		2124413B1B4326E400F407DB /* workshopTests */ = {
			isa = PBXGroup;
			children = (
				2124413E1B4326E400F407DB /* workshopTests.m */,
				2124413C1B4326E400F407DB /* Supporting Files */,
			);
			path = workshopTests;
			sourceTree = "<group>";
		};
		2124413C1B4326E400F407DB /* Supporting Files */ = {
			isa = PBXGroup;
			children = (
				2124413D1B4326E400F407DB /* Info.plist */,
			);
			name = "Supporting Files";
			sourceTree = "<group>";
		};
		212441481B43287400F407DB /* Classes */ = {
			isa = PBXGroup;
			children = (
				8A9EF6F21B469AF00072C256 /* Context */,
				212441501B43378100F407DB /* Shader sources */,
				2124414C1B432A6300F407DB /* GlobalTools */,
				212441491B43288500F407DB /* MainView.h */,
				2124414A1B43288500F407DB /* MainView.m */,
			);
			path = Classes;
			sourceTree = "<group>";
		};
		2124414C1B432A6300F407DB /* GlobalTools */ = {
			isa = PBXGroup;
			children = (
				2124414D1B432A6E00F407DB /* GlobalTools.h */,
				2124414E1B432A6E00F407DB /* GlobalTools.m */,
			);
			path = GlobalTools;
			sourceTree = "<group>";
		};
		212441501B43378100F407DB /* Shader sources */ = {
			isa = PBXGroup;
			children = (
				212441511B43378A00F407DB /* ColorShader.fsh */,
				212441521B43378A00F407DB /* ColorShader.vsh */,
			);
			path = "Shader sources";
			sourceTree = "<group>";
		};
		8A9EF6F21B469AF00072C256 /* Context */ = {
			isa = PBXGroup;
			children = (
				8A9EF6F61B469B6C0072C256 /* WSContext.h */,
				8A9EF6F71B469B6C0072C256 /* WSContext.m */,
				8A9EF6F91B46A1B70072C256 /* WSOperationContainer.h */,
				8A9EF6FA1B46A1B70072C256 /* WSOperationContainer.m */,
			);
			name = Context;
			sourceTree = "<group>";
		};
/* End PBXGroup section */

/* Begin PBXNativeTarget section */
		2124411E1B4326E400F407DB /* workshop */ = {
			isa = PBXNativeTarget;
			buildConfigurationList = 212441421B4326E400F407DB /* Build configuration list for PBXNativeTarget "workshop" */;
			buildPhases = (
				2124411B1B4326E400F407DB /* Sources */,
				2124411C1B4326E400F407DB /* Frameworks */,
				2124411D1B4326E400F407DB /* Resources */,
			);
			buildRules = (
			);
			dependencies = (
			);
			name = workshop;
			productName = workshop;
			productReference = 2124411F1B4326E400F407DB /* workshop.app */;
			productType = "com.apple.product-type.application";
		};
		212441371B4326E400F407DB /* workshopTests */ = {
			isa = PBXNativeTarget;
			buildConfigurationList = 212441451B4326E400F407DB /* Build configuration list for PBXNativeTarget "workshopTests" */;
			buildPhases = (
				212441341B4326E400F407DB /* Sources */,
				212441351B4326E400F407DB /* Frameworks */,
				212441361B4326E400F407DB /* Resources */,
			);
			buildRules = (
			);
			dependencies = (
				2124413A1B4326E400F407DB /* PBXTargetDependency */,
			);
			name = workshopTests;
			productName = workshopTests;
			productReference = 212441381B4326E400F407DB /* workshopTests.xctest */;
			productType = "com.apple.product-type.bundle.unit-test";
		};
/* End PBXNativeTarget section */

/* Begin PBXProject section */
		212441171B4326E400F407DB /* Project object */ = {
			isa = PBXProject;
			attributes = {
				LastUpgradeCheck = 0630;
				ORGANIZATIONNAME = "D·Labs";
				TargetAttributes = {
					2124411E1B4326E400F407DB = {
						CreatedOnToolsVersion = 6.3.2;
					};
					212441371B4326E400F407DB = {
						CreatedOnToolsVersion = 6.3.2;
						TestTargetID = 2124411E1B4326E400F407DB;
					};
				};
			};
			buildConfigurationList = 2124411A1B4326E400F407DB /* Build configuration list for PBXProject "workshop" */;
			compatibilityVersion = "Xcode 3.2";
			developmentRegion = English;
			hasScannedForEncodings = 0;
			knownRegions = (
				en,
				Base,
			);
			mainGroup = 212441161B4326E400F407DB;
			productRefGroup = 212441201B4326E400F407DB /* Products */;
			projectDirPath = "";
			projectRoot = "";
			targets = (
				2124411E1B4326E400F407DB /* workshop */,
				212441371B4326E400F407DB /* workshopTests */,
			);
		};
/* End PBXProject section */

/* Begin PBXResourcesBuildPhase section */
		2124411D1B4326E400F407DB /* Resources */ = {
			isa = PBXResourcesBuildPhase;
			buildActionMask = 2147483647;
			files = (
				212441531B43378A00F407DB /* ColorShader.fsh in Resources */,
				2124412E1B4326E400F407DB /* Main.storyboard in Resources */,
				212441331B4326E400F407DB /* LaunchScreen.xib in Resources */,
				212441301B4326E400F407DB /* Images.xcassets in Resources */,
				212441541B43378A00F407DB /* ColorShader.vsh in Resources */,
			);
			runOnlyForDeploymentPostprocessing = 0;
		};
		212441361B4326E400F407DB /* Resources */ = {
			isa = PBXResourcesBuildPhase;
			buildActionMask = 2147483647;
			files = (
			);
			runOnlyForDeploymentPostprocessing = 0;
		};
/* End PBXResourcesBuildPhase section */

/* Begin PBXSourcesBuildPhase section */
		2124411B1B4326E400F407DB /* Sources */ = {
			isa = PBXSourcesBuildPhase;
			buildActionMask = 2147483647;
			files = (
				8A9EF6FB1B46A1B70072C256 /* WSOperationContainer.m in Sources */,
				2124414F1B432A6E00F407DB /* GlobalTools.m in Sources */,
				2124412B1B4326E400F407DB /* ViewController.m in Sources */,
				2124414B1B43288500F407DB /* MainView.m in Sources */,
				8A9EF6F81B469B6C0072C256 /* WSContext.m in Sources */,
				212441281B4326E400F407DB /* AppDelegate.m in Sources */,
				212441251B4326E400F407DB /* main.m in Sources */,
			);
			runOnlyForDeploymentPostprocessing = 0;
		};
		212441341B4326E400F407DB /* Sources */ = {
			isa = PBXSourcesBuildPhase;
			buildActionMask = 2147483647;
			files = (
				2124413F1B4326E400F407DB /* workshopTests.m in Sources */,
			);
			runOnlyForDeploymentPostprocessing = 0;
		};
/* End PBXSourcesBuildPhase section */

/* Begin PBXTargetDependency section */
		2124413A1B4326E400F407DB /* PBXTargetDependency */ = {
			isa = PBXTargetDependency;
			target = 2124411E1B4326E400F407DB /* workshop */;
			targetProxy = 212441391B4326E400F407DB /* PBXContainerItemProxy */;
		};
/* End PBXTargetDependency section */

/* Begin PBXVariantGroup section */
		2124412C1B4326E400F407DB /* Main.storyboard */ = {
			isa = PBXVariantGroup;
			children = (
				2124412D1B4326E400F407DB /* Base */,
			);
			name = Main.storyboard;
			sourceTree = "<group>";
		};
		212441311B4326E400F407DB /* LaunchScreen.xib */ = {
			isa = PBXVariantGroup;
			children = (
				212441321B4326E400F407DB /* Base */,
			);
			name = LaunchScreen.xib;
			sourceTree = "<group>";
		};
/* End PBXVariantGroup section */

/* Begin XCBuildConfiguration section */
		212441401B4326E400F407DB /* Debug */ = {
			isa = XCBuildConfiguration;
			buildSettings = {
				ALWAYS_SEARCH_USER_PATHS = NO;
				CLANG_CXX_LANGUAGE_STANDARD = "gnu++0x";
				CLANG_CXX_LIBRARY = "libc++";
				CLANG_ENABLE_MODULES = YES;
				CLANG_ENABLE_OBJC_ARC = YES;
				CLANG_WARN_BOOL_CONVERSION = YES;
				CLANG_WARN_CONSTANT_CONVERSION = YES;
				CLANG_WARN_DIRECT_OBJC_ISA_USAGE = YES_ERROR;
				CLANG_WARN_EMPTY_BODY = YES;
				CLANG_WARN_ENUM_CONVERSION = YES;
				CLANG_WARN_INT_CONVERSION = YES;
				CLANG_WARN_OBJC_ROOT_CLASS = YES_ERROR;
				CLANG_WARN_UNREACHABLE_CODE = YES;
				CLANG_WARN__DUPLICATE_METHOD_MATCH = YES;
				"CODE_SIGN_IDENTITY[sdk=iphoneos*]" = "iPhone Developer";
				COPY_PHASE_STRIP = NO;
				DEBUG_INFORMATION_FORMAT = "dwarf-with-dsym";
				ENABLE_STRICT_OBJC_MSGSEND = YES;
				GCC_C_LANGUAGE_STANDARD = gnu99;
				GCC_DYNAMIC_NO_PIC = NO;
				GCC_NO_COMMON_BLOCKS = YES;
				GCC_OPTIMIZATION_LEVEL = 0;
				GCC_PREPROCESSOR_DEFINITIONS = (
					"DEBUG=1",
					"$(inherited)",
				);
				GCC_SYMBOLS_PRIVATE_EXTERN = NO;
				GCC_WARN_64_TO_32_BIT_CONVERSION = YES;
				GCC_WARN_ABOUT_RETURN_TYPE = YES_ERROR;
				GCC_WARN_UNDECLARED_SELECTOR = YES;
				GCC_WARN_UNINITIALIZED_AUTOS = YES_AGGRESSIVE;
				GCC_WARN_UNUSED_FUNCTION = YES;
				GCC_WARN_UNUSED_VARIABLE = YES;
				IPHONEOS_DEPLOYMENT_TARGET = 8.3;
				MTL_ENABLE_DEBUG_INFO = YES;
				ONLY_ACTIVE_ARCH = YES;
				SDKROOT = iphoneos;
			};
			name = Debug;
		};
		212441411B4326E400F407DB /* Release */ = {
			isa = XCBuildConfiguration;
			buildSettings = {
				ALWAYS_SEARCH_USER_PATHS = NO;
				CLANG_CXX_LANGUAGE_STANDARD = "gnu++0x";
				CLANG_CXX_LIBRARY = "libc++";
				CLANG_ENABLE_MODULES = YES;
				CLANG_ENABLE_OBJC_ARC = YES;
				CLANG_WARN_BOOL_CONVERSION = YES;
				CLANG_WARN_CONSTANT_CONVERSION = YES;
				CLANG_WARN_DIRECT_OBJC_ISA_USAGE = YES_ERROR;
				CLANG_WARN_EMPTY_BODY = YES;
				CLANG_WARN_ENUM_CONVERSION = YES;
				CLANG_WARN_INT_CONVERSION = YES;
				CLANG_WARN_OBJC_ROOT_CLASS = YES_ERROR;
				CLANG_WARN_UNREACHABLE_CODE = YES;
				CLANG_WARN__DUPLICATE_METHOD_MATCH = YES;
				"CODE_SIGN_IDENTITY[sdk=iphoneos*]" = "iPhone Developer";
				COPY_PHASE_STRIP = NO;
				DEBUG_INFORMATION_FORMAT = "dwarf-with-dsym";
				ENABLE_NS_ASSERTIONS = NO;
				ENABLE_STRICT_OBJC_MSGSEND = YES;
				GCC_C_LANGUAGE_STANDARD = gnu99;
				GCC_NO_COMMON_BLOCKS = YES;
				GCC_WARN_64_TO_32_BIT_CONVERSION = YES;
				GCC_WARN_ABOUT_RETURN_TYPE = YES_ERROR;
				GCC_WARN_UNDECLARED_SELECTOR = YES;
				GCC_WARN_UNINITIALIZED_AUTOS = YES_AGGRESSIVE;
				GCC_WARN_UNUSED_FUNCTION = YES;
				GCC_WARN_UNUSED_VARIABLE = YES;
				IPHONEOS_DEPLOYMENT_TARGET = 8.3;
				MTL_ENABLE_DEBUG_INFO = NO;
				SDKROOT = iphoneos;
				VALIDATE_PRODUCT = YES;
			};
			name = Release;
		};
		212441431B4326E400F407DB /* Debug */ = {
			isa = XCBuildConfiguration;
			buildSettings = {
				ASSETCATALOG_COMPILER_APPICON_NAME = AppIcon;
				INFOPLIST_FILE = workshop/Info.plist;
				LD_RUNPATH_SEARCH_PATHS = "$(inherited) @executable_path/Frameworks";
				PRODUCT_NAME = "$(TARGET_NAME)";
			};
			name = Debug;
		};
		212441441B4326E400F407DB /* Release */ = {
			isa = XCBuildConfiguration;
			buildSettings = {
				ASSETCATALOG_COMPILER_APPICON_NAME = AppIcon;
				INFOPLIST_FILE = workshop/Info.plist;
				LD_RUNPATH_SEARCH_PATHS = "$(inherited) @executable_path/Frameworks";
				PRODUCT_NAME = "$(TARGET_NAME)";
			};
			name = Release;
		};
		212441461B4326E400F407DB /* Debug */ = {
			isa = XCBuildConfiguration;
			buildSettings = {
				BUNDLE_LOADER = "$(TEST_HOST)";
				FRAMEWORK_SEARCH_PATHS = (
					"$(SDKROOT)/Developer/Library/Frameworks",
					"$(inherited)",
				);
				GCC_PREPROCESSOR_DEFINITIONS = (
					"DEBUG=1",
					"$(inherited)",
				);
				INFOPLIST_FILE = workshopTests/Info.plist;
				LD_RUNPATH_SEARCH_PATHS = "$(inherited) @executable_path/Frameworks @loader_path/Frameworks";
				PRODUCT_NAME = "$(TARGET_NAME)";
				TEST_HOST = "$(BUILT_PRODUCTS_DIR)/workshop.app/workshop";
			};
			name = Debug;
		};
		212441471B4326E400F407DB /* Release */ = {
			isa = XCBuildConfiguration;
			buildSettings = {
				BUNDLE_LOADER = "$(TEST_HOST)";
				FRAMEWORK_SEARCH_PATHS = (
					"$(SDKROOT)/Developer/Library/Frameworks",
					"$(inherited)",
				);
				INFOPLIST_FILE = workshopTests/Info.plist;
				LD_RUNPATH_SEARCH_PATHS = "$(inherited) @executable_path/Frameworks @loader_path/Frameworks";
				PRODUCT_NAME = "$(TARGET_NAME)";
				TEST_HOST = "$(BUILT_PRODUCTS_DIR)/workshop.app/workshop";
			};
			name = Release;
		};
/* End XCBuildConfiguration section */

/* Begin XCConfigurationList section */
		2124411A1B4326E400F407DB /* Build configuration list for PBXProject "workshop" */ = {
			isa = XCConfigurationList;
			buildConfigurations = (
				212441401B4326E400F407DB /* Debug */,
				212441411B4326E400F407DB /* Release */,
			);
			defaultConfigurationIsVisible = 0;
			defaultConfigurationName = Release;
		};
		212441421B4326E400F407DB /* Build configuration list for PBXNativeTarget "workshop" */ = {
			isa = XCConfigurationList;
			buildConfigurations = (
				212441431B4326E400F407DB /* Debug */,
				212441441B4326E400F407DB /* Release */,
			);
			defaultConfigurationIsVisible = 0;
			defaultConfigurationName = Release;
		};
		212441451B4326E400F407DB /* Build configuration list for PBXNativeTarget "workshopTests" */ = {
			isa = XCConfigurationList;
			buildConfigurations = (
				212441461B4326E400F407DB /* Debug */,
				212441471B4326E400F407DB /* Release */,
			);
			defaultConfigurationIsVisible = 0;
			defaultConfigurationName = Release;
		};
/* End XCConfigurationList section */
	};
	rootObject = 212441171B4326E400F407DB /* Project object */;
}
